
Microsoft Visual Studio Solution File, Format Version 12.00
# Visual Studio Version 17
VisualStudioVersion = 17.1.32421.90
MinimumVisualStudioVersion = 10.0.40219.1
Project("{FAE04EC0-301F-11D3-BF4B-00C04F79EFBC}") = "ResetterBot", "ResetterBot\ResetterBot.csproj", "{0BCF0142-329A-4A36-A7EA-F2E805770745}"
EndProject
Global
	GlobalSection(SolutionConfigurationPlatforms) = preSolution
		Debug|Any CPU = Debug|Any CPU
		Release|Any CPU = Release|Any CPU
	EndGlobalSection
	GlobalSection(ProjectConfigurationPlatforms) = postSolution
		{0BCF0142-329A-4A36-A7EA-F2E805770745}.Debug|Any CPU.ActiveCfg = Debug|Any CPU
		{0BCF0142-329A-4A36-A7EA-F2E805770745}.Debug|Any CPU.Build.0 = Debug|Any CPU
		{0BCF0142-329A-4A36-A7EA-F2E805770745}.Release|Any CPU.ActiveCfg = Release|Any CPU
		{0BCF0142-329A-4A36-A7EA-F2E805770745}.Release|Any CPU.Build.0 = Release|Any CPU
	EndGlobalSection
	GlobalSection(SolutionProperties) = preSolution
		HideSolutionNode = FALSE
	EndGlobalSection
	GlobalSection(ExtensibilityGlobals) = postSolution
		SolutionGuid = {BF7D0659-0992-44AB-9CBD-21191FCAA759}
	EndGlobalSection
EndGlobal
